
Microsoft Visual Studio Solution File, Format Version 12.00
# Visual Studio Version 17
VisualStudioVersion = 17.14.36908.2 d17.14
MinimumVisualStudioVersion = 10.0.40219.1
Project("{FAE04EC0-301F-11D3-BF4B-00C04F79EFBC}") = "BibliotecaRemake", "BibliotecaRemake.csproj", "{5A4416E7-476F-463C-B1C7-B6B3E0A6FE75}"
EndProject
Global
	GlobalSection(SolutionConfigurationPlatforms) = preSolution
		Debug|Any CPU = Debug|Any CPU
		Release|Any CPU = Release|Any CPU
	EndGlobalSection
	GlobalSection(ProjectConfigurationPlatforms) = postSolution
		{5A4416E7-476F-463C-B1C7-B6B3E0A6FE75}.Debug|Any CPU.ActiveCfg = Debug|Any CPU
		{5A4416E7-476F-463C-B1C7-B6B3E0A6FE75}.Debug|Any CPU.Build.0 = Debug|Any CPU
		{5A4416E7-476F-463C-B1C7-B6B3E0A6FE75}.Release|Any CPU.ActiveCfg = Release|Any CPU
		{5A4416E7-476F-463C-B1C7-B6B3E0A6FE75}.Release|Any CPU.Build.0 = Release|Any CPU
	EndGlobalSection
	GlobalSection(SolutionProperties) = preSolution
		HideSolutionNode = FALSE
	EndGlobalSection
	GlobalSection(ExtensibilityGlobals) = postSolution
		SolutionGuid = {BA6935E2-24E3-43ED-8D6E-F15CA5A500F1}
	EndGlobalSection
EndGlobal
